
Microsoft Visual Studio Solution File, Format Version 12.00
# Visual Studio Version 17
VisualStudioVersion = 17.9.34728.123
MinimumVisualStudioVersion = 10.0.40219.1
Project("{9A19103F-16F7-4668-BE54-9A1E7A4F7556}") = "EMI", "EMI\EMI.csproj", "{F81C2CD7-B07A-4C30-8947-5FDE017F0C02}"
EndProject
Project("{2150E333-8FDC-42A3-9474-1A3956D46DE8}") = "App Service", "App Service", "{1E96C2E3-4D9D-4D6B-AEDC-BC5618DFDBAA}"
EndProject
Project("{2150E333-8FDC-42A3-9474-1A3956D46DE8}") = "Application", "Application", "{0F6A2925-F845-4D48-BCDC-67C422C7C730}"
EndProject
Project("{2150E333-8FDC-42A3-9474-1A3956D46DE8}") = "Domain", "Domain", "{9712E797-A0C9-4156-A834-CF354CCF54B8}"
EndProject
Project("{2150E333-8FDC-42A3-9474-1A3956D46DE8}") = "Repository", "Repository", "{AE8E5801-0553-449B-A174-6E78ED238B80}"
EndProject
Project("{9A19103F-16F7-4668-BE54-9A1E7A4F7556}") = "EMI.Domain.Core", "EMI.Domain.Core\EMI.Domain.Core.csproj", "{776AEBF6-199A-4BFD-84B8-AB8850C12811}"
EndProject
Project("{9A19103F-16F7-4668-BE54-9A1E7A4F7556}") = "EMI.Domain.Entity", "EMI.Domain.Entity\EMI.Domain.Entity.csproj", "{0C6F02E9-8DA5-4C66-BDA6-6D020BF93ED4}"
EndProject
Project("{9A19103F-16F7-4668-BE54-9A1E7A4F7556}") = "EMI.Domain.Interface", "EMI.Domain.Interface\EMI.Domain.Interface.csproj", "{1BAC5873-290F-4870-8329-F3313B48A4FF}"
EndProject
Project("{9A19103F-16F7-4668-BE54-9A1E7A4F7556}") = "EMI.Application.DTO", "EMI.Application.DTO\EMI.Application.DTO.csproj", "{3CD59333-D39A-4819-B327-1A976F1794D3}"
EndProject
Project("{9A19103F-16F7-4668-BE54-9A1E7A4F7556}") = "EMI.Application.Main", "EMI.Application.Main\EMI.Application.Main.csproj", "{8569CD67-B3AA-4FE4-BE01-7E8044D21200}"
EndProject
Project("{9A19103F-16F7-4668-BE54-9A1E7A4F7556}") = "EMI.Application.Interface", "EMI.Application.Interface\EMI.Application.Interface.csproj", "{C23152E5-0533-4E85-B4DA-DF92B218F08C}"
EndProject
Project("{9A19103F-16F7-4668-BE54-9A1E7A4F7556}") = "EMI.Repository.Pattern", "EMI.Repository.Pattern\EMI.Repository.Pattern.csproj", "{95563D47-F417-4C41-91EC-C2601E01C3E3}"
EndProject
Project("{9A19103F-16F7-4668-BE54-9A1E7A4F7556}") = "EMI.Repository.EFC", "EMI.Repository.EFC\EMI.Repository.EFC.csproj", "{A072DA92-7923-4346-B7C3-1FD0E6A7E25D}"
EndProject
Project("{2150E333-8FDC-42A3-9474-1A3956D46DE8}") = "Transversal", "Transversal", "{B23A1579-8C26-45AD-9604-5378785510E8}"
EndProject
Project("{FAE04EC0-301F-11D3-BF4B-00C04F79EFBC}") = "EMI.Transversal.Enums", "EMI.Transversal.Enums\EMI.Transversal.Enums.csproj", "{08F60779-6CC8-46F0-B3D9-B2D12659DF5D}"
EndProject
Project("{FAE04EC0-301F-11D3-BF4B-00C04F79EFBC}") = "EMI.Transversal.Mapper", "EMI.Transversal.Mapper\EMI.Transversal.Mapper.csproj", "{4A899F00-F6C9-434C-BC0F-82850270508F}"
EndProject
Project("{FAE04EC0-301F-11D3-BF4B-00C04F79EFBC}") = "EMI.Transversal.Exceptions", "EMI.Transversal.Exceptions\EMI.Transversal.Exceptions.csproj", "{4D71E0BB-E017-4F52-8B34-581B2B0F4EEF}"
EndProject
Global
	GlobalSection(SolutionConfigurationPlatforms) = preSolution
		Debug|Any CPU = Debug|Any CPU
		Release|Any CPU = Release|Any CPU
	EndGlobalSection
	GlobalSection(ProjectConfigurationPlatforms) = postSolution
		{F81C2CD7-B07A-4C30-8947-5FDE017F0C02}.Debug|Any CPU.ActiveCfg = Debug|Any CPU
		{F81C2CD7-B07A-4C30-8947-5FDE017F0C02}.Debug|Any CPU.Build.0 = Debug|Any CPU
		{F81C2CD7-B07A-4C30-8947-5FDE017F0C02}.Release|Any CPU.ActiveCfg = Release|Any CPU
		{F81C2CD7-B07A-4C30-8947-5FDE017F0C02}.Release|Any CPU.Build.0 = Release|Any CPU
		{776AEBF6-199A-4BFD-84B8-AB8850C12811}.Debug|Any CPU.ActiveCfg = Debug|Any CPU
		{776AEBF6-199A-4BFD-84B8-AB8850C12811}.Debug|Any CPU.Build.0 = Debug|Any CPU
		{776AEBF6-199A-4BFD-84B8-AB8850C12811}.Release|Any CPU.ActiveCfg = Release|Any CPU
		{776AEBF6-199A-4BFD-84B8-AB8850C12811}.Release|Any CPU.Build.0 = Release|Any CPU
		{0C6F02E9-8DA5-4C66-BDA6-6D020BF93ED4}.Debug|Any CPU.ActiveCfg = Debug|Any CPU
		{0C6F02E9-8DA5-4C66-BDA6-6D020BF93ED4}.Debug|Any CPU.Build.0 = Debug|Any CPU
		{0C6F02E9-8DA5-4C66-BDA6-6D020BF93ED4}.Release|Any CPU.ActiveCfg = Release|Any CPU
		{0C6F02E9-8DA5-4C66-BDA6-6D020BF93ED4}.Release|Any CPU.Build.0 = Release|Any CPU
		{1BAC5873-290F-4870-8329-F3313B48A4FF}.Debug|Any CPU.ActiveCfg = Debug|Any CPU
		{1BAC5873-290F-4870-8329-F3313B48A4FF}.Debug|Any CPU.Build.0 = Debug|Any CPU
		{1BAC5873-290F-4870-8329-F3313B48A4FF}.Release|Any CPU.ActiveCfg = Release|Any CPU
		{1BAC5873-290F-4870-8329-F3313B48A4FF}.Release|Any CPU.Build.0 = Release|Any CPU
		{3CD59333-D39A-4819-B327-1A976F1794D3}.Debug|Any CPU.ActiveCfg = Debug|Any CPU
		{3CD59333-D39A-4819-B327-1A976F1794D3}.Debug|Any CPU.Build.0 = Debug|Any CPU
		{3CD59333-D39A-4819-B327-1A976F1794D3}.Release|Any CPU.ActiveCfg = Release|Any CPU
		{3CD59333-D39A-4819-B327-1A976F1794D3}.Release|Any CPU.Build.0 = Release|Any CPU
		{8569CD67-B3AA-4FE4-BE01-7E8044D21200}.Debug|Any CPU.ActiveCfg = Debug|Any CPU
		{8569CD67-B3AA-4FE4-BE01-7E8044D21200}.Debug|Any CPU.Build.0 = Debug|Any CPU
		{8569CD67-B3AA-4FE4-BE01-7E8044D21200}.Release|Any CPU.ActiveCfg = Release|Any CPU
		{8569CD67-B3AA-4FE4-BE01-7E8044D21200}.Release|Any CPU.Build.0 = Release|Any CPU
		{C23152E5-0533-4E85-B4DA-DF92B218F08C}.Debug|Any CPU.ActiveCfg = Debug|Any CPU
		{C23152E5-0533-4E85-B4DA-DF92B218F08C}.Debug|Any CPU.Build.0 = Debug|Any CPU
		{C23152E5-0533-4E85-B4DA-DF92B218F08C}.Release|Any CPU.ActiveCfg = Release|Any CPU
		{C23152E5-0533-4E85-B4DA-DF92B218F08C}.Release|Any CPU.Build.0 = Release|Any CPU
		{95563D47-F417-4C41-91EC-C2601E01C3E3}.Debug|Any CPU.ActiveCfg = Debug|Any CPU
		{95563D47-F417-4C41-91EC-C2601E01C3E3}.Debug|Any CPU.Build.0 = Debug|Any CPU
		{95563D47-F417-4C41-91EC-C2601E01C3E3}.Release|Any CPU.ActiveCfg = Release|Any CPU
		{95563D47-F417-4C41-91EC-C2601E01C3E3}.Release|Any CPU.Build.0 = Release|Any CPU
		{A072DA92-7923-4346-B7C3-1FD0E6A7E25D}.Debug|Any CPU.ActiveCfg = Debug|Any CPU
		{A072DA92-7923-4346-B7C3-1FD0E6A7E25D}.Debug|Any CPU.Build.0 = Debug|Any CPU
		{A072DA92-7923-4346-B7C3-1FD0E6A7E25D}.Release|Any CPU.ActiveCfg = Release|Any CPU
		{A072DA92-7923-4346-B7C3-1FD0E6A7E25D}.Release|Any CPU.Build.0 = Release|Any CPU
		{08F60779-6CC8-46F0-B3D9-B2D12659DF5D}.Debug|Any CPU.ActiveCfg = Debug|Any CPU
		{08F60779-6CC8-46F0-B3D9-B2D12659DF5D}.Debug|Any CPU.Build.0 = Debug|Any CPU
		{08F60779-6CC8-46F0-B3D9-B2D12659DF5D}.Release|Any CPU.ActiveCfg = Release|Any CPU
		{08F60779-6CC8-46F0-B3D9-B2D12659DF5D}.Release|Any CPU.Build.0 = Release|Any CPU
		{4A899F00-F6C9-434C-BC0F-82850270508F}.Debug|Any CPU.ActiveCfg = Debug|Any CPU
		{4A899F00-F6C9-434C-BC0F-82850270508F}.Debug|Any CPU.Build.0 = Debug|Any CPU
		{4A899F00-F6C9-434C-BC0F-82850270508F}.Release|Any CPU.ActiveCfg = Release|Any CPU
		{4A899F00-F6C9-434C-BC0F-82850270508F}.Release|Any CPU.Build.0 = Release|Any CPU
		{4D71E0BB-E017-4F52-8B34-581B2B0F4EEF}.Debug|Any CPU.ActiveCfg = Debug|Any CPU
		{4D71E0BB-E017-4F52-8B34-581B2B0F4EEF}.Debug|Any CPU.Build.0 = Debug|Any CPU
		{4D71E0BB-E017-4F52-8B34-581B2B0F4EEF}.Release|Any CPU.ActiveCfg = Release|Any CPU
		{4D71E0BB-E017-4F52-8B34-581B2B0F4EEF}.Release|Any CPU.Build.0 = Release|Any CPU
	EndGlobalSection
	GlobalSection(SolutionProperties) = preSolution
		HideSolutionNode = FALSE
	EndGlobalSection
	GlobalSection(NestedProjects) = preSolution
		{F81C2CD7-B07A-4C30-8947-5FDE017F0C02} = {1E96C2E3-4D9D-4D6B-AEDC-BC5618DFDBAA}
		{776AEBF6-199A-4BFD-84B8-AB8850C12811} = {9712E797-A0C9-4156-A834-CF354CCF54B8}
		{0C6F02E9-8DA5-4C66-BDA6-6D020BF93ED4} = {9712E797-A0C9-4156-A834-CF354CCF54B8}
		{1BAC5873-290F-4870-8329-F3313B48A4FF} = {9712E797-A0C9-4156-A834-CF354CCF54B8}
		{3CD59333-D39A-4819-B327-1A976F1794D3} = {0F6A2925-F845-4D48-BCDC-67C422C7C730}
		{8569CD67-B3AA-4FE4-BE01-7E8044D21200} = {0F6A2925-F845-4D48-BCDC-67C422C7C730}
		{C23152E5-0533-4E85-B4DA-DF92B218F08C} = {0F6A2925-F845-4D48-BCDC-67C422C7C730}
		{95563D47-F417-4C41-91EC-C2601E01C3E3} = {AE8E5801-0553-449B-A174-6E78ED238B80}
		{A072DA92-7923-4346-B7C3-1FD0E6A7E25D} = {AE8E5801-0553-449B-A174-6E78ED238B80}
		{08F60779-6CC8-46F0-B3D9-B2D12659DF5D} = {B23A1579-8C26-45AD-9604-5378785510E8}
		{4A899F00-F6C9-434C-BC0F-82850270508F} = {B23A1579-8C26-45AD-9604-5378785510E8}
		{4D71E0BB-E017-4F52-8B34-581B2B0F4EEF} = {B23A1579-8C26-45AD-9604-5378785510E8}
	EndGlobalSection
	GlobalSection(ExtensibilityGlobals) = postSolution
		SolutionGuid = {6CEA5701-1515-44A8-AAFB-86DCCA40980B}
	EndGlobalSection
EndGlobal
